
Microsoft Visual Studio Solution File, Format Version 12.00
# Visual Studio Version 17
VisualStudioVersion = 17.14.36414.22 d17.14
MinimumVisualStudioVersion = 10.0.40219.1
Project("{FAE04EC0-301F-11D3-BF4B-00C04F79EFBC}") = "WpfDemo2", "WpfDemo2\WpfDemo2.csproj", "{D26CC376-3B92-431D-96C0-D5AABE035814}"
EndProject
Global
	GlobalSection(SolutionConfigurationPlatforms) = preSolution
		Debug|Any CPU = Debug|Any CPU
		Release|Any CPU = Release|Any CPU
	EndGlobalSection
	GlobalSection(ProjectConfigurationPlatforms) = postSolution
		{D26CC376-3B92-431D-96C0-D5AABE035814}.Debug|Any CPU.ActiveCfg = Debug|Any CPU
		{D26CC376-3B92-431D-96C0-D5AABE035814}.Debug|Any CPU.Build.0 = Debug|Any CPU
		{D26CC376-3B92-431D-96C0-D5AABE035814}.Release|Any CPU.ActiveCfg = Release|Any CPU
		{D26CC376-3B92-431D-96C0-D5AABE035814}.Release|Any CPU.Build.0 = Release|Any CPU
	EndGlobalSection
	GlobalSection(SolutionProperties) = preSolution
		HideSolutionNode = FALSE
	EndGlobalSection
	GlobalSection(ExtensibilityGlobals) = postSolution
		SolutionGuid = {B65ECB84-2731-436A-B8CE-CEC6CDA5F577}
	EndGlobalSection
EndGlobal
