
Microsoft Visual Studio Solution File, Format Version 12.00
# Visual Studio Version 17
VisualStudioVersion = 17.14.36414.22 d17.14
MinimumVisualStudioVersion = 10.0.40219.1
Project("{FAE04EC0-301F-11D3-BF4B-00C04F79EFBC}") = "LinqWithXML", "LinqWithXML\LinqWithXML.csproj", "{86126E4B-4CA8-4C7E-814F-BF2C9A628561}"
EndProject
Global
	GlobalSection(SolutionConfigurationPlatforms) = preSolution
		Debug|Any CPU = Debug|Any CPU
		Release|Any CPU = Release|Any CPU
	EndGlobalSection
	GlobalSection(ProjectConfigurationPlatforms) = postSolution
		{86126E4B-4CA8-4C7E-814F-BF2C9A628561}.Debug|Any CPU.ActiveCfg = Debug|Any CPU
		{86126E4B-4CA8-4C7E-814F-BF2C9A628561}.Debug|Any CPU.Build.0 = Debug|Any CPU
		{86126E4B-4CA8-4C7E-814F-BF2C9A628561}.Release|Any CPU.ActiveCfg = Release|Any CPU
		{86126E4B-4CA8-4C7E-814F-BF2C9A628561}.Release|Any CPU.Build.0 = Release|Any CPU
	EndGlobalSection
	GlobalSection(SolutionProperties) = preSolution
		HideSolutionNode = FALSE
	EndGlobalSection
	GlobalSection(ExtensibilityGlobals) = postSolution
		SolutionGuid = {25C7A239-08A1-4797-AEB1-BECC3AD13D7C}
	EndGlobalSection
EndGlobal
