
Microsoft Visual Studio Solution File, Format Version 12.00
# Visual Studio Version 17
VisualStudioVersion = 17.14.36414.22
MinimumVisualStudioVersion = 10.0.40219.1
Project("{FAE04EC0-301F-11D3-BF4B-00C04F79EFBC}") = "WPF_ZooManager1", "WpfApp1\WPF_ZooManager1.csproj", "{C694D6CE-C1AF-4C36-83A3-5DE0C1E0657F}"
EndProject
Global
	GlobalSection(SolutionConfigurationPlatforms) = preSolution
		Debug|Any CPU = Debug|Any CPU
		Release|Any CPU = Release|Any CPU
	EndGlobalSection
	GlobalSection(ProjectConfigurationPlatforms) = postSolution
		{C694D6CE-C1AF-4C36-83A3-5DE0C1E0657F}.Debug|Any CPU.ActiveCfg = Debug|Any CPU
		{C694D6CE-C1AF-4C36-83A3-5DE0C1E0657F}.Debug|Any CPU.Build.0 = Debug|Any CPU
		{C694D6CE-C1AF-4C36-83A3-5DE0C1E0657F}.Release|Any CPU.ActiveCfg = Release|Any CPU
		{C694D6CE-C1AF-4C36-83A3-5DE0C1E0657F}.Release|Any CPU.Build.0 = Release|Any CPU
	EndGlobalSection
	GlobalSection(SolutionProperties) = preSolution
		HideSolutionNode = FALSE
	EndGlobalSection
	GlobalSection(ExtensibilityGlobals) = postSolution
		SolutionGuid = {9A4100DB-CD1D-4109-BF71-494776DF86A4}
	EndGlobalSection
EndGlobal
