
Microsoft Visual Studio Solution File, Format Version 12.00
# Visual Studio Version 17
VisualStudioVersion = 17.14.36414.22 d17.14
MinimumVisualStudioVersion = 10.0.40219.1
Project("{FAE04EC0-301F-11D3-BF4B-00C04F79EFBC}") = "InvoiceManagement", "InvoiceManagement\InvoiceManagement.csproj", "{00D9406B-4F14-4993-BB4E-F559BAF10904}"
EndProject
Global
	GlobalSection(SolutionConfigurationPlatforms) = preSolution
		Debug|Any CPU = Debug|Any CPU
		Release|Any CPU = Release|Any CPU
	EndGlobalSection
	GlobalSection(ProjectConfigurationPlatforms) = postSolution
		{00D9406B-4F14-4993-BB4E-F559BAF10904}.Debug|Any CPU.ActiveCfg = Debug|Any CPU
		{00D9406B-4F14-4993-BB4E-F559BAF10904}.Debug|Any CPU.Build.0 = Debug|Any CPU
		{00D9406B-4F14-4993-BB4E-F559BAF10904}.Release|Any CPU.ActiveCfg = Release|Any CPU
		{00D9406B-4F14-4993-BB4E-F559BAF10904}.Release|Any CPU.Build.0 = Release|Any CPU
	EndGlobalSection
	GlobalSection(SolutionProperties) = preSolution
		HideSolutionNode = FALSE
	EndGlobalSection
	GlobalSection(ExtensibilityGlobals) = postSolution
		SolutionGuid = {7D34B6A7-7F58-41C1-A95A-269B52EA096C}
	EndGlobalSection
EndGlobal
