
Microsoft Visual Studio Solution File, Format Version 12.00
# Visual Studio Version 17
VisualStudioVersion = 17.14.36414.22 d17.14
MinimumVisualStudioVersion = 10.0.40219.1
Project("{FAE04EC0-301F-11D3-BF4B-00C04F79EFBC}") = "Linq1", "Linq1\Linq1.csproj", "{7F752AD1-3082-4DAE-AE3C-594AE8729242}"
EndProject
Global
	GlobalSection(SolutionConfigurationPlatforms) = preSolution
		Debug|Any CPU = Debug|Any CPU
		Release|Any CPU = Release|Any CPU
	EndGlobalSection
	GlobalSection(ProjectConfigurationPlatforms) = postSolution
		{7F752AD1-3082-4DAE-AE3C-594AE8729242}.Debug|Any CPU.ActiveCfg = Debug|Any CPU
		{7F752AD1-3082-4DAE-AE3C-594AE8729242}.Debug|Any CPU.Build.0 = Debug|Any CPU
		{7F752AD1-3082-4DAE-AE3C-594AE8729242}.Release|Any CPU.ActiveCfg = Release|Any CPU
		{7F752AD1-3082-4DAE-AE3C-594AE8729242}.Release|Any CPU.Build.0 = Release|Any CPU
	EndGlobalSection
	GlobalSection(SolutionProperties) = preSolution
		HideSolutionNode = FALSE
	EndGlobalSection
	GlobalSection(ExtensibilityGlobals) = postSolution
		SolutionGuid = {1C22CC0F-967C-49FF-946B-638BAE6B685A}
	EndGlobalSection
EndGlobal
