
Microsoft Visual Studio Solution File, Format Version 12.00
# Visual Studio Version 17
VisualStudioVersion = 17.14.36414.22 d17.14
MinimumVisualStudioVersion = 10.0.40219.1
Project("{FAE04EC0-301F-11D3-BF4B-00C04F79EFBC}") = "CurrencyConverter_Static", "CurrencyConverter_Static\CurrencyConverter_Static.csproj", "{AF28296B-9ADF-4959-9ECA-D3B7FF8B7398}"
EndProject
Global
	GlobalSection(SolutionConfigurationPlatforms) = preSolution
		Debug|Any CPU = Debug|Any CPU
		Release|Any CPU = Release|Any CPU
	EndGlobalSection
	GlobalSection(ProjectConfigurationPlatforms) = postSolution
		{AF28296B-9ADF-4959-9ECA-D3B7FF8B7398}.Debug|Any CPU.ActiveCfg = Debug|Any CPU
		{AF28296B-9ADF-4959-9ECA-D3B7FF8B7398}.Debug|Any CPU.Build.0 = Debug|Any CPU
		{AF28296B-9ADF-4959-9ECA-D3B7FF8B7398}.Release|Any CPU.ActiveCfg = Release|Any CPU
		{AF28296B-9ADF-4959-9ECA-D3B7FF8B7398}.Release|Any CPU.Build.0 = Release|Any CPU
	EndGlobalSection
	GlobalSection(SolutionProperties) = preSolution
		HideSolutionNode = FALSE
	EndGlobalSection
	GlobalSection(ExtensibilityGlobals) = postSolution
		SolutionGuid = {C9EC4958-10DC-41DD-8D02-3D3789F3D939}
	EndGlobalSection
EndGlobal
